// !$*UTF8*$!
{
	archiveVersion = 1;
	classes = {
	};
	objectVersion = 55;
	objects = {

/* Begin PBXBuildFile section */
		A45D956C2785C7B20066316E /* PageControl.swift in Sources */ = {isa = PBXBuildFile; fileRef = A45D956B2785C7B20066316E /* PageControl.swift */; };
		A45D956E2785CA1C0066316E /* AssetBannerView.swift in Sources */ = {isa = PBXBuildFile; fileRef = A45D956D2785CA1C0066316E /* AssetBannerView.swift */; };
		A45D95712785CD550066316E /* assets.json in Resources */ = {isa = PBXBuildFile; fileRef = A45D95702785CD550066316E /* assets.json */; };
		A45D95732785CDA10066316E /* Asset.swift in Sources */ = {isa = PBXBuildFile; fileRef = A45D95722785CDA10066316E /* Asset.swift */; };
		A45D95772785CF510066316E /* AssetSummaryData.swift in Sources */ = {isa = PBXBuildFile; fileRef = A45D95762785CF510066316E /* AssetSummaryData.swift */; };
		A45D95792785D32F0066316E /* AssetSectionHeaderView.swift in Sources */ = {isa = PBXBuildFile; fileRef = A45D95782785D32F0066316E /* AssetSectionHeaderView.swift */; };
		A45D957B2785D3F90066316E /* AssetSectionView.swift in Sources */ = {isa = PBXBuildFile; fileRef = A45D957A2785D3F90066316E /* AssetSectionView.swift */; };
		A45D957D2785D6A00066316E /* AssetSummaryView.swift in Sources */ = {isa = PBXBuildFile; fileRef = A45D957C2785D6A00066316E /* AssetSummaryView.swift */; };
		A45D95812785DFD60066316E /* TabMenuView.swift in Sources */ = {isa = PBXBuildFile; fileRef = A45D95802785DFD60066316E /* TabMenuView.swift */; };
		A4AC19122787202E00989FB5 /* AssetCardSectionView.swift in Sources */ = {isa = PBXBuildFile; fileRef = A4AC19112787202E00989FB5 /* AssetCardSectionView.swift */; };
		A4CC094627833755006F7616 /* MyAssetApp.swift in Sources */ = {isa = PBXBuildFile; fileRef = A4CC094527833755006F7616 /* MyAssetApp.swift */; };
		A4CC094827833755006F7616 /* ContentView.swift in Sources */ = {isa = PBXBuildFile; fileRef = A4CC094727833755006F7616 /* ContentView.swift */; };
		A4CC094A27833757006F7616 /* Assets.xcassets in Resources */ = {isa = PBXBuildFile; fileRef = A4CC094927833757006F7616 /* Assets.xcassets */; };
		A4CC094D27833757006F7616 /* Preview Assets.xcassets in Resources */ = {isa = PBXBuildFile; fileRef = A4CC094C27833757006F7616 /* Preview Assets.xcassets */; };
		A4CC0954278339AA006F7616 /* Launch Screen.storyboard in Resources */ = {isa = PBXBuildFile; fileRef = A4CC0953278339AA006F7616 /* Launch Screen.storyboard */; };
		A4CC095627834291006F7616 /* NavigationBarWithButton.swift in Sources */ = {isa = PBXBuildFile; fileRef = A4CC095527834290006F7616 /* NavigationBarWithButton.swift */; };
		A4FD872B278485CA00BEB880 /* AssetMenu.swift in Sources */ = {isa = PBXBuildFile; fileRef = A4FD872A278485CA00BEB880 /* AssetMenu.swift */; };
		A4FD872D27848A4900BEB880 /* AssetMenuButtonStyle.swift in Sources */ = {isa = PBXBuildFile; fileRef = A4FD872C27848A4900BEB880 /* AssetMenuButtonStyle.swift */; };
		A4FD872F27848CB800BEB880 /* AssetMenuGridView.swift in Sources */ = {isa = PBXBuildFile; fileRef = A4FD872E27848CB800BEB880 /* AssetMenuGridView.swift */; };
		A4FD87332784902200BEB880 /* AssetView.swift in Sources */ = {isa = PBXBuildFile; fileRef = A4FD87322784902200BEB880 /* AssetView.swift */; };
		A4FD87352784922100BEB880 /* AssetBanner.swift in Sources */ = {isa = PBXBuildFile; fileRef = A4FD87342784922100BEB880 /* AssetBanner.swift */; };
		A4FD8739278493DD00BEB880 /* BannerCard.swift in Sources */ = {isa = PBXBuildFile; fileRef = A4FD8738278493DD00BEB880 /* BannerCard.swift */; };
		A4FD873B2784955800BEB880 /* PageViewController.swift in Sources */ = {isa = PBXBuildFile; fileRef = A4FD873A2784955800BEB880 /* PageViewController.swift */; };
/* End PBXBuildFile section */

/* Begin PBXFileReference section */
		A45D956B2785C7B20066316E /* PageControl.swift */ = {isa = PBXFileReference; lastKnownFileType = sourcecode.swift; path = PageControl.swift; sourceTree = "<group>"; };
		A45D956D2785CA1C0066316E /* AssetBannerView.swift */ = {isa = PBXFileReference; lastKnownFileType = sourcecode.swift; path = AssetBannerView.swift; sourceTree = "<group>"; };
		A45D95702785CD550066316E /* assets.json */ = {isa = PBXFileReference; fileEncoding = 4; lastKnownFileType = text.json; path = assets.json; sourceTree = "<group>"; };
		A45D95722785CDA10066316E /* Asset.swift */ = {isa = PBXFileReference; lastKnownFileType = sourcecode.swift; path = Asset.swift; sourceTree = "<group>"; };
		A45D95762785CF510066316E /* AssetSummaryData.swift */ = {isa = PBXFileReference; lastKnownFileType = sourcecode.swift; path = AssetSummaryData.swift; sourceTree = "<group>"; };
		A45D95782785D32F0066316E /* AssetSectionHeaderView.swift */ = {isa = PBXFileReference; lastKnownFileType = sourcecode.swift; path = AssetSectionHeaderView.swift; sourceTree = "<group>"; };
		A45D957A2785D3F90066316E /* AssetSectionView.swift */ = {isa = PBXFileReference; lastKnownFileType = sourcecode.swift; path = AssetSectionView.swift; sourceTree = "<group>"; };
		A45D957C2785D6A00066316E /* AssetSummaryView.swift */ = {isa = PBXFileReference; lastKnownFileType = sourcecode.swift; path = AssetSummaryView.swift; sourceTree = "<group>"; };
		A45D95802785DFD60066316E /* TabMenuView.swift */ = {isa = PBXFileReference; lastKnownFileType = sourcecode.swift; path = TabMenuView.swift; sourceTree = "<group>"; };
		A4AC19112787202E00989FB5 /* AssetCardSectionView.swift */ = {isa = PBXFileReference; lastKnownFileType = sourcecode.swift; path = AssetCardSectionView.swift; sourceTree = "<group>"; };
		A4CC094227833755006F7616 /* MyAsset.app */ = {isa = PBXFileReference; explicitFileType = wrapper.application; includeInIndex = 0; path = MyAsset.app; sourceTree = BUILT_PRODUCTS_DIR; };
		A4CC094527833755006F7616 /* MyAssetApp.swift */ = {isa = PBXFileReference; lastKnownFileType = sourcecode.swift; path = MyAssetApp.swift; sourceTree = "<group>"; };
		A4CC094727833755006F7616 /* ContentView.swift */ = {isa = PBXFileReference; lastKnownFileType = sourcecode.swift; path = ContentView.swift; sourceTree = "<group>"; };
		A4CC094927833757006F7616 /* Assets.xcassets */ = {isa = PBXFileReference; lastKnownFileType = folder.assetcatalog; path = Assets.xcassets; sourceTree = "<group>"; };
		A4CC094C27833757006F7616 /* Preview Assets.xcassets */ = {isa = PBXFileReference; lastKnownFileType = folder.assetcatalog; path = "Preview Assets.xcassets"; sourceTree = "<group>"; };
		A4CC0953278339AA006F7616 /* Launch Screen.storyboard */ = {isa = PBXFileReference; lastKnownFileType = file.storyboard; path = "Launch Screen.storyboard"; sourceTree = "<group>"; };
		A4CC095527834290006F7616 /* NavigationBarWithButton.swift */ = {isa = PBXFileReference; lastKnownFileType = sourcecode.swift; path = NavigationBarWithButton.swift; sourceTree = "<group>"; };
		A4FD872A278485CA00BEB880 /* AssetMenu.swift */ = {isa = PBXFileReference; lastKnownFileType = sourcecode.swift; path = AssetMenu.swift; sourceTree = "<group>"; };
		A4FD872C27848A4900BEB880 /* AssetMenuButtonStyle.swift */ = {isa = PBXFileReference; lastKnownFileType = sourcecode.swift; path = AssetMenuButtonStyle.swift; sourceTree = "<group>"; };
		A4FD872E27848CB800BEB880 /* AssetMenuGridView.swift */ = {isa = PBXFileReference; lastKnownFileType = sourcecode.swift; path = AssetMenuGridView.swift; sourceTree = "<group>"; };
		A4FD87322784902200BEB880 /* AssetView.swift */ = {isa = PBXFileReference; lastKnownFileType = sourcecode.swift; path = AssetView.swift; sourceTree = "<group>"; };
		A4FD87342784922100BEB880 /* AssetBanner.swift */ = {isa = PBXFileReference; lastKnownFileType = sourcecode.swift; path = AssetBanner.swift; sourceTree = "<group>"; };
		A4FD8738278493DD00BEB880 /* BannerCard.swift */ = {isa = PBXFileReference; lastKnownFileType = sourcecode.swift; path = BannerCard.swift; sourceTree = "<group>"; };
		A4FD873A2784955800BEB880 /* PageViewController.swift */ = {isa = PBXFileReference; lastKnownFileType = sourcecode.swift; path = PageViewController.swift; sourceTree = "<group>"; };
/* End PBXFileReference section */

/* Begin PBXFrameworksBuildPhase section */
		A4CC093F27833755006F7616 /* Frameworks */ = {
			isa = PBXFrameworksBuildPhase;
			buildActionMask = 2147483647;
			files = (
			);
			runOnlyForDeploymentPostprocessing = 0;
		};
/* End PBXFrameworksBuildPhase section */

/* Begin PBXGroup section */
		A45D956F2785CA2B0066316E /* AssetBannerView */ = {
			isa = PBXGroup;
			children = (
				A4FD8738278493DD00BEB880 /* BannerCard.swift */,
				A4FD873A2784955800BEB880 /* PageViewController.swift */,
				A45D956B2785C7B20066316E /* PageControl.swift */,
				A45D956D2785CA1C0066316E /* AssetBannerView.swift */,
			);
			path = AssetBannerView;
			sourceTree = "<group>";
		};
		A45D957F2785DC550066316E /* AssetSummaryView */ = {
			isa = PBXGroup;
			children = (
				A45D95762785CF510066316E /* AssetSummaryData.swift */,
				A45D95782785D32F0066316E /* AssetSectionHeaderView.swift */,
				A45D957A2785D3F90066316E /* AssetSectionView.swift */,
				A45D957C2785D6A00066316E /* AssetSummaryView.swift */,
				A4AC19112787202E00989FB5 /* AssetCardSectionView.swift */,
			);
			path = AssetSummaryView;
			sourceTree = "<group>";
		};
		A4CC093927833755006F7616 = {
			isa = PBXGroup;
			children = (
				A4CC094427833755006F7616 /* MyAsset */,
				A4CC094327833755006F7616 /* Products */,
			);
			sourceTree = "<group>";
		};
		A4CC094327833755006F7616 /* Products */ = {
			isa = PBXGroup;
			children = (
				A4CC094227833755006F7616 /* MyAsset.app */,
			);
			name = Products;
			sourceTree = "<group>";
		};
		A4CC094427833755006F7616 /* MyAsset */ = {
			isa = PBXGroup;
			children = (
				A4CC094527833755006F7616 /* MyAssetApp.swift */,
				A4CC094727833755006F7616 /* ContentView.swift */,
				A4FD8737278493AA00BEB880 /* AssetMenu */,
				A45D956F2785CA2B0066316E /* AssetBannerView */,
				A45D957F2785DC550066316E /* AssetSummaryView */,
				A4FD87362784922B00BEB880 /* Entities */,
				A45D95802785DFD60066316E /* TabMenuView.swift */,
				A4FD87322784902200BEB880 /* AssetView.swift */,
				A4CC095527834290006F7616 /* NavigationBarWithButton.swift */,
				A4CC0953278339AA006F7616 /* Launch Screen.storyboard */,
				A45D95702785CD550066316E /* assets.json */,
				A4CC094927833757006F7616 /* Assets.xcassets */,
				A4CC094B27833757006F7616 /* Preview Content */,
			);
			path = MyAsset;
			sourceTree = "<group>";
		};
		A4CC094B27833757006F7616 /* Preview Content */ = {
			isa = PBXGroup;
			children = (
				A4CC094C27833757006F7616 /* Preview Assets.xcassets */,
			);
			path = "Preview Content";
			sourceTree = "<group>";
		};
		A4FD87362784922B00BEB880 /* Entities */ = {
			isa = PBXGroup;
			children = (
				A4FD87342784922100BEB880 /* AssetBanner.swift */,
				A4FD872A278485CA00BEB880 /* AssetMenu.swift */,
				A45D95722785CDA10066316E /* Asset.swift */,
			);
			path = Entities;
			sourceTree = "<group>";
		};
		A4FD8737278493AA00BEB880 /* AssetMenu */ = {
			isa = PBXGroup;
			children = (
				A4FD872C27848A4900BEB880 /* AssetMenuButtonStyle.swift */,
				A4FD872E27848CB800BEB880 /* AssetMenuGridView.swift */,
			);
			path = AssetMenu;
			sourceTree = "<group>";
		};
/* End PBXGroup section */

/* Begin PBXNativeTarget section */
		A4CC094127833755006F7616 /* MyAsset */ = {
			isa = PBXNativeTarget;
			buildConfigurationList = A4CC095027833757006F7616 /* Build configuration list for PBXNativeTarget "MyAsset" */;
			buildPhases = (
				A4CC093E27833755006F7616 /* Sources */,
				A4CC093F27833755006F7616 /* Frameworks */,
				A4CC094027833755006F7616 /* Resources */,
			);
			buildRules = (
			);
			dependencies = (
			);
			name = MyAsset;
			productName = MyAsset;
			productReference = A4CC094227833755006F7616 /* MyAsset.app */;
			productType = "com.apple.product-type.application";
		};
/* End PBXNativeTarget section */

/* Begin PBXProject section */
		A4CC093A27833755006F7616 /* Project object */ = {
			isa = PBXProject;
			attributes = {
				BuildIndependentTargetsInParallel = 1;
				LastSwiftUpdateCheck = 1300;
				LastUpgradeCheck = 1300;
				TargetAttributes = {
					A4CC094127833755006F7616 = {
						CreatedOnToolsVersion = 13.0;
					};
				};
			};
			buildConfigurationList = A4CC093D27833755006F7616 /* Build configuration list for PBXProject "MyAsset" */;
			compatibilityVersion = "Xcode 13.0";
			developmentRegion = en;
			hasScannedForEncodings = 0;
			knownRegions = (
				en,
				Base,
			);
			mainGroup = A4CC093927833755006F7616;
			productRefGroup = A4CC094327833755006F7616 /* Products */;
			projectDirPath = "";
			projectRoot = "";
			targets = (
				A4CC094127833755006F7616 /* MyAsset */,
			);
		};
/* End PBXProject section */

/* Begin PBXResourcesBuildPhase section */
		A4CC094027833755006F7616 /* Resources */ = {
			isa = PBXResourcesBuildPhase;
			buildActionMask = 2147483647;
			files = (
				A4CC0954278339AA006F7616 /* Launch Screen.storyboard in Resources */,
				A4CC094D27833757006F7616 /* Preview Assets.xcassets in Resources */,
				A45D95712785CD550066316E /* assets.json in Resources */,
				A4CC094A27833757006F7616 /* Assets.xcassets in Resources */,
			);
			runOnlyForDeploymentPostprocessing = 0;
		};
/* End PBXResourcesBuildPhase section */

/* Begin PBXSourcesBuildPhase section */
		A4CC093E27833755006F7616 /* Sources */ = {
			isa = PBXSourcesBuildPhase;
			buildActionMask = 2147483647;
			files = (
				A4FD872F27848CB800BEB880 /* AssetMenuGridView.swift in Sources */,
				A45D957B2785D3F90066316E /* AssetSectionView.swift in Sources */,
				A45D95732785CDA10066316E /* Asset.swift in Sources */,
				A4CC095627834291006F7616 /* NavigationBarWithButton.swift in Sources */,
				A45D95772785CF510066316E /* AssetSummaryData.swift in Sources */,
				A45D95792785D32F0066316E /* AssetSectionHeaderView.swift in Sources */,
				A45D957D2785D6A00066316E /* AssetSummaryView.swift in Sources */,
				A4FD87352784922100BEB880 /* AssetBanner.swift in Sources */,
				A4FD87332784902200BEB880 /* AssetView.swift in Sources */,
				A4CC094827833755006F7616 /* ContentView.swift in Sources */,
				A4CC094627833755006F7616 /* MyAssetApp.swift in Sources */,
				A45D95812785DFD60066316E /* TabMenuView.swift in Sources */,
				A4FD872B278485CA00BEB880 /* AssetMenu.swift in Sources */,
				A4FD873B2784955800BEB880 /* PageViewController.swift in Sources */,
				A45D956C2785C7B20066316E /* PageControl.swift in Sources */,
				A45D956E2785CA1C0066316E /* AssetBannerView.swift in Sources */,
				A4AC19122787202E00989FB5 /* AssetCardSectionView.swift in Sources */,
				A4FD8739278493DD00BEB880 /* BannerCard.swift in Sources */,
				A4FD872D27848A4900BEB880 /* AssetMenuButtonStyle.swift in Sources */,
			);
			runOnlyForDeploymentPostprocessing = 0;
		};
/* End PBXSourcesBuildPhase section */

/* Begin XCBuildConfiguration section */
		A4CC094E27833757006F7616 /* Debug */ = {
			isa = XCBuildConfiguration;
			buildSettings = {
				ALWAYS_SEARCH_USER_PATHS = NO;
				CLANG_ANALYZER_NONNULL = YES;
				CLANG_ANALYZER_NUMBER_OBJECT_CONVERSION = YES_AGGRESSIVE;
				CLANG_CXX_LANGUAGE_STANDARD = "gnu++17";
				CLANG_CXX_LIBRARY = "libc++";
				CLANG_ENABLE_MODULES = YES;
				CLANG_ENABLE_OBJC_ARC = YES;
				CLANG_ENABLE_OBJC_WEAK = YES;
				CLANG_WARN_BLOCK_CAPTURE_AUTORELEASING = YES;
				CLANG_WARN_BOOL_CONVERSION = YES;
				CLANG_WARN_COMMA = YES;
				CLANG_WARN_CONSTANT_CONVERSION = YES;
				CLANG_WARN_DEPRECATED_OBJC_IMPLEMENTATIONS = YES;
				CLANG_WARN_DIRECT_OBJC_ISA_USAGE = YES_ERROR;
				CLANG_WARN_DOCUMENTATION_COMMENTS = YES;
				CLANG_WARN_EMPTY_BODY = YES;
				CLANG_WARN_ENUM_CONVERSION = YES;
				CLANG_WARN_INFINITE_RECURSION = YES;
				CLANG_WARN_INT_CONVERSION = YES;
				CLANG_WARN_NON_LITERAL_NULL_CONVERSION = YES;
				CLANG_WARN_OBJC_IMPLICIT_RETAIN_SELF = YES;
				CLANG_WARN_OBJC_LITERAL_CONVERSION = YES;
				CLANG_WARN_OBJC_ROOT_CLASS = YES_ERROR;
				CLANG_WARN_QUOTED_INCLUDE_IN_FRAMEWORK_HEADER = YES;
				CLANG_WARN_RANGE_LOOP_ANALYSIS = YES;
				CLANG_WARN_STRICT_PROTOTYPES = YES;
				CLANG_WARN_SUSPICIOUS_MOVE = YES;
				CLANG_WARN_UNGUARDED_AVAILABILITY = YES_AGGRESSIVE;
				CLANG_WARN_UNREACHABLE_CODE = YES;
				CLANG_WARN__DUPLICATE_METHOD_MATCH = YES;
				COPY_PHASE_STRIP = NO;
				DEBUG_INFORMATION_FORMAT = dwarf;
				ENABLE_STRICT_OBJC_MSGSEND = YES;
				ENABLE_TESTABILITY = YES;
				GCC_C_LANGUAGE_STANDARD = gnu11;
				GCC_DYNAMIC_NO_PIC = NO;
				GCC_NO_COMMON_BLOCKS = YES;
				GCC_OPTIMIZATION_LEVEL = 0;
				GCC_PREPROCESSOR_DEFINITIONS = (
					"DEBUG=1",
					"$(inherited)",
				);
				GCC_WARN_64_TO_32_BIT_CONVERSION = YES;
				GCC_WARN_ABOUT_RETURN_TYPE = YES_ERROR;
				GCC_WARN_UNDECLARED_SELECTOR = YES;
				GCC_WARN_UNINITIALIZED_AUTOS = YES_AGGRESSIVE;
				GCC_WARN_UNUSED_FUNCTION = YES;
				GCC_WARN_UNUSED_VARIABLE = YES;
				IPHONEOS_DEPLOYMENT_TARGET = 15.0;
				MTL_ENABLE_DEBUG_INFO = INCLUDE_SOURCE;
				MTL_FAST_MATH = YES;
				ONLY_ACTIVE_ARCH = YES;
				SDKROOT = iphoneos;
				SWIFT_ACTIVE_COMPILATION_CONDITIONS = DEBUG;
				SWIFT_OPTIMIZATION_LEVEL = "-Onone";
			};
			name = Debug;
		};
		A4CC094F27833757006F7616 /* Release */ = {
			isa = XCBuildConfiguration;
			buildSettings = {
				ALWAYS_SEARCH_USER_PATHS = NO;
				CLANG_ANALYZER_NONNULL = YES;
				CLANG_ANALYZER_NUMBER_OBJECT_CONVERSION = YES_AGGRESSIVE;
				CLANG_CXX_LANGUAGE_STANDARD = "gnu++17";
				CLANG_CXX_LIBRARY = "libc++";
				CLANG_ENABLE_MODULES = YES;
				CLANG_ENABLE_OBJC_ARC = YES;
				CLANG_ENABLE_OBJC_WEAK = YES;
				CLANG_WARN_BLOCK_CAPTURE_AUTORELEASING = YES;
				CLANG_WARN_BOOL_CONVERSION = YES;
				CLANG_WARN_COMMA = YES;
				CLANG_WARN_CONSTANT_CONVERSION = YES;
				CLANG_WARN_DEPRECATED_OBJC_IMPLEMENTATIONS = YES;
				CLANG_WARN_DIRECT_OBJC_ISA_USAGE = YES_ERROR;
				CLANG_WARN_DOCUMENTATION_COMMENTS = YES;
				CLANG_WARN_EMPTY_BODY = YES;
				CLANG_WARN_ENUM_CONVERSION = YES;
				CLANG_WARN_INFINITE_RECURSION = YES;
				CLANG_WARN_INT_CONVERSION = YES;
				CLANG_WARN_NON_LITERAL_NULL_CONVERSION = YES;
				CLANG_WARN_OBJC_IMPLICIT_RETAIN_SELF = YES;
				CLANG_WARN_OBJC_LITERAL_CONVERSION = YES;
				CLANG_WARN_OBJC_ROOT_CLASS = YES_ERROR;
				CLANG_WARN_QUOTED_INCLUDE_IN_FRAMEWORK_HEADER = YES;
				CLANG_WARN_RANGE_LOOP_ANALYSIS = YES;
				CLANG_WARN_STRICT_PROTOTYPES = YES;
				CLANG_WARN_SUSPICIOUS_MOVE = YES;
				CLANG_WARN_UNGUARDED_AVAILABILITY = YES_AGGRESSIVE;
				CLANG_WARN_UNREACHABLE_CODE = YES;
				CLANG_WARN__DUPLICATE_METHOD_MATCH = YES;
				COPY_PHASE_STRIP = NO;
				DEBUG_INFORMATION_FORMAT = "dwarf-with-dsym";
				ENABLE_NS_ASSERTIONS = NO;
				ENABLE_STRICT_OBJC_MSGSEND = YES;
				GCC_C_LANGUAGE_STANDARD = gnu11;
				GCC_NO_COMMON_BLOCKS = YES;
				GCC_WARN_64_TO_32_BIT_CONVERSION = YES;
				GCC_WARN_ABOUT_RETURN_TYPE = YES_ERROR;
				GCC_WARN_UNDECLARED_SELECTOR = YES;
				GCC_WARN_UNINITIALIZED_AUTOS = YES_AGGRESSIVE;
				GCC_WARN_UNUSED_FUNCTION = YES;
				GCC_WARN_UNUSED_VARIABLE = YES;
				IPHONEOS_DEPLOYMENT_TARGET = 15.0;
				MTL_ENABLE_DEBUG_INFO = NO;
				MTL_FAST_MATH = YES;
				SDKROOT = iphoneos;
				SWIFT_COMPILATION_MODE = wholemodule;
				SWIFT_OPTIMIZATION_LEVEL = "-O";
				VALIDATE_PRODUCT = YES;
			};
			name = Release;
		};
		A4CC095127833757006F7616 /* Debug */ = {
			isa = XCBuildConfiguration;
			buildSettings = {
				ASSETCATALOG_COMPILER_APPICON_NAME = AppIcon;
				ASSETCATALOG_COMPILER_GLOBAL_ACCENT_COLOR_NAME = AccentColor;
				CODE_SIGN_STYLE = Automatic;
				CURRENT_PROJECT_VERSION = 1;
				DEVELOPMENT_ASSET_PATHS = "\"MyAsset/Preview Content\"";
				DEVELOPMENT_TEAM = ZY7J8GW45P;
				ENABLE_PREVIEWS = YES;
				GENERATE_INFOPLIST_FILE = YES;
				INFOPLIST_KEY_UIApplicationSceneManifest_Generation = YES;
				INFOPLIST_KEY_UIApplicationSupportsIndirectInputEvents = YES;
				INFOPLIST_KEY_UILaunchScreen_Generation = YES;
				INFOPLIST_KEY_UISupportedInterfaceOrientations_iPad = "UIInterfaceOrientationPortrait UIInterfaceOrientationPortraitUpsideDown UIInterfaceOrientationLandscapeLeft UIInterfaceOrientationLandscapeRight";
				INFOPLIST_KEY_UISupportedInterfaceOrientations_iPhone = "UIInterfaceOrientationPortrait UIInterfaceOrientationLandscapeLeft UIInterfaceOrientationLandscapeRight";
				INFOPLIST_KEY_UIUserInterfaceStyle = Light;
				IPHONEOS_DEPLOYMENT_TARGET = 14.0;
				LD_RUNPATH_SEARCH_PATHS = (
					"$(inherited)",
					"@executable_path/Frameworks",
				);
				MARKETING_VERSION = 1.0;
				PRODUCT_BUNDLE_IDENTIFIER = com.sun.MyAsset;
				PRODUCT_NAME = "$(TARGET_NAME)";
				SWIFT_EMIT_LOC_STRINGS = YES;
				SWIFT_VERSION = 5.0;
				TARGETED_DEVICE_FAMILY = 1;
			};
			name = Debug;
		};
		A4CC095227833757006F7616 /* Release */ = {
			isa = XCBuildConfiguration;
			buildSettings = {
				ASSETCATALOG_COMPILER_APPICON_NAME = AppIcon;
				ASSETCATALOG_COMPILER_GLOBAL_ACCENT_COLOR_NAME = AccentColor;
				CODE_SIGN_STYLE = Automatic;
				CURRENT_PROJECT_VERSION = 1;
				DEVELOPMENT_ASSET_PATHS = "\"MyAsset/Preview Content\"";
				DEVELOPMENT_TEAM = ZY7J8GW45P;
				ENABLE_PREVIEWS = YES;
				GENERATE_INFOPLIST_FILE = YES;
				INFOPLIST_KEY_UIApplicationSceneManifest_Generation = YES;
				INFOPLIST_KEY_UIApplicationSupportsIndirectInputEvents = YES;
				INFOPLIST_KEY_UILaunchScreen_Generation = YES;
				INFOPLIST_KEY_UISupportedInterfaceOrientations_iPad = "UIInterfaceOrientationPortrait UIInterfaceOrientationPortraitUpsideDown UIInterfaceOrientationLandscapeLeft UIInterfaceOrientationLandscapeRight";
				INFOPLIST_KEY_UISupportedInterfaceOrientations_iPhone = "UIInterfaceOrientationPortrait UIInterfaceOrientationLandscapeLeft UIInterfaceOrientationLandscapeRight";
				INFOPLIST_KEY_UIUserInterfaceStyle = Light;
				IPHONEOS_DEPLOYMENT_TARGET = 14.0;
				LD_RUNPATH_SEARCH_PATHS = (
					"$(inherited)",
					"@executable_path/Frameworks",
				);
				MARKETING_VERSION = 1.0;
				PRODUCT_BUNDLE_IDENTIFIER = com.sun.MyAsset;
				PRODUCT_NAME = "$(TARGET_NAME)";
				SWIFT_EMIT_LOC_STRINGS = YES;
				SWIFT_VERSION = 5.0;
				TARGETED_DEVICE_FAMILY = 1;
			};
			name = Release;
		};
/* End XCBuildConfiguration section */

/* Begin XCConfigurationList section */
		A4CC093D27833755006F7616 /* Build configuration list for PBXProject "MyAsset" */ = {
			isa = XCConfigurationList;
			buildConfigurations = (
				A4CC094E27833757006F7616 /* Debug */,
				A4CC094F27833757006F7616 /* Release */,
			);
			defaultConfigurationIsVisible = 0;
			defaultConfigurationName = Release;
		};
		A4CC095027833757006F7616 /* Build configuration list for PBXNativeTarget "MyAsset" */ = {
			isa = XCConfigurationList;
			buildConfigurations = (
				A4CC095127833757006F7616 /* Debug */,
				A4CC095227833757006F7616 /* Release */,
			);
			defaultConfigurationIsVisible = 0;
			defaultConfigurationName = Release;
		};
/* End XCConfigurationList section */
	};
	rootObject = A4CC093A27833755006F7616 /* Project object */;
}
